// !$*UTF8*$!
{
	archiveVersion = 1;
	classes = {
	};
	objectVersion = 46;
	objects = {

/* Begin PBXBuildFile section */
		948616611970CE40009BB828 /* LoginViewController.m in Sources */ = {isa = PBXBuildFile; fileRef = 948616601970CE40009BB828 /* LoginViewController.m */; };
		9488711B1A1FFB64004CE2AF /* MapKit.framework in Frameworks */ = {isa = PBXBuildFile; fileRef = 9488711A1A1FFB64004CE2AF /* MapKit.framework */; };
		9488711E1A202263004CE2AF /* Chatroom.m in Sources */ = {isa = PBXBuildFile; fileRef = 9488711D1A202263004CE2AF /* Chatroom.m */; };
		948871211A2022DA004CE2AF /* Chatroom+Annotation.m in Sources */ = {isa = PBXBuildFile; fileRef = 948871201A2022DA004CE2AF /* Chatroom+Annotation.m */; };
		949C877D191D4E560049DC9D /* Foundation.framework in Frameworks */ = {isa = PBXBuildFile; fileRef = 949C877C191D4E560049DC9D /* Foundation.framework */; };
		949C877F191D4E560049DC9D /* CoreGraphics.framework in Frameworks */ = {isa = PBXBuildFile; fileRef = 949C877E191D4E560049DC9D /* CoreGraphics.framework */; };
		949C8781191D4E560049DC9D /* UIKit.framework in Frameworks */ = {isa = PBXBuildFile; fileRef = 949C8780191D4E560049DC9D /* UIKit.framework */; };
		949C8787191D4E570049DC9D /* InfoPlist.strings in Resources */ = {isa = PBXBuildFile; fileRef = 949C8785191D4E570049DC9D /* InfoPlist.strings */; };
		949C8789191D4E570049DC9D /* main.m in Sources */ = {isa = PBXBuildFile; fileRef = 949C8788191D4E570049DC9D /* main.m */; };
		949C878D191D4E570049DC9D /* AppDelegate.m in Sources */ = {isa = PBXBuildFile; fileRef = 949C878C191D4E570049DC9D /* AppDelegate.m */; };
		949C8790191D4E580049DC9D /* Main_iPhone.storyboard in Resources */ = {isa = PBXBuildFile; fileRef = 949C878E191D4E580049DC9D /* Main_iPhone.storyboard */; };
		949C8793191D4E580049DC9D /* Main_iPad.storyboard in Resources */ = {isa = PBXBuildFile; fileRef = 949C8791191D4E580049DC9D /* Main_iPad.storyboard */; };
		949C8798191D4E590049DC9D /* Images.xcassets in Resources */ = {isa = PBXBuildFile; fileRef = 949C8797191D4E590049DC9D /* Images.xcassets */; };
		949C879F191D4E5C0049DC9D /* XCTest.framework in Frameworks */ = {isa = PBXBuildFile; fileRef = 949C879E191D4E5C0049DC9D /* XCTest.framework */; };
		949C87A0191D4E5C0049DC9D /* Foundation.framework in Frameworks */ = {isa = PBXBuildFile; fileRef = 949C877C191D4E560049DC9D /* Foundation.framework */; };
		949C87A1191D4E5C0049DC9D /* UIKit.framework in Frameworks */ = {isa = PBXBuildFile; fileRef = 949C8780191D4E560049DC9D /* UIKit.framework */; };
		949C87A9191D4E5D0049DC9D /* InfoPlist.strings in Resources */ = {isa = PBXBuildFile; fileRef = 949C87A7191D4E5D0049DC9D /* InfoPlist.strings */; };
		949C87AB191D4E5D0049DC9D /* WebSiteTestTests.m in Sources */ = {isa = PBXBuildFile; fileRef = 949C87AA191D4E5D0049DC9D /* WebSiteTestTests.m */; };
		94BD3D821A12B781003F0FD4 /* SignUpViewController.m in Sources */ = {isa = PBXBuildFile; fileRef = 94BD3D811A12B781003F0FD4 /* SignUpViewController.m */; };
		94BD3D8B1A13D61F003F0FD4 /* ChatModel.xcdatamodeld in Sources */ = {isa = PBXBuildFile; fileRef = 94BD3D891A13D61F003F0FD4 /* ChatModel.xcdatamodeld */; };
		94BD3D911A1A54CC003F0FD4 /* ProfileTBC.m in Sources */ = {isa = PBXBuildFile; fileRef = 94BD3D901A1A54CC003F0FD4 /* ProfileTBC.m */; };
		94BD3D941A1AB715003F0FD4 /* Users.m in Sources */ = {isa = PBXBuildFile; fileRef = 94BD3D931A1AB715003F0FD4 /* Users.m */; };
		94BD3D971A1AB717003F0FD4 /* Chatroomusers.m in Sources */ = {isa = PBXBuildFile; fileRef = 94BD3D961A1AB717003F0FD4 /* Chatroomusers.m */; };
		94BD3DAC1A1C3627003F0FD4 /* Messages.m in Sources */ = {isa = PBXBuildFile; fileRef = 94BD3DAB1A1C3627003F0FD4 /* Messages.m */; };
		94D4B1E71A2280FF00D56B1A /* ChatroomsTVC.m in Sources */ = {isa = PBXBuildFile; fileRef = 94D4B1E61A2280FF00D56B1A /* ChatroomsTVC.m */; };
		94D4B1ED1A22AB7400D56B1A /* ChatroomsMapVC.m in Sources */ = {isa = PBXBuildFile; fileRef = 94D4B1EC1A22AB7400D56B1A /* ChatroomsMapVC.m */; };
		94D4B1F01A22AE2F00D56B1A /* MessagesTVC.m in Sources */ = {isa = PBXBuildFile; fileRef = 94D4B1EF1A22AE2F00D56B1A /* MessagesTVC.m */; };
		94D4B1F31A22E2D400D56B1A /* MapAnnotation.m in Sources */ = {isa = PBXBuildFile; fileRef = 94D4B1F21A22E2D400D56B1A /* MapAnnotation.m */; };
		94D4B1FF1A2A2E1300D56B1A /* CreateChatroom.m in Sources */ = {isa = PBXBuildFile; fileRef = 94D4B1FE1A2A2E1300D56B1A /* CreateChatroom.m */; };
		94D4B2021A2BED3600D56B1A /* SettingsVC.m in Sources */ = {isa = PBXBuildFile; fileRef = 94D4B2011A2BED3600D56B1A /* SettingsVC.m */; };
		94D4B2051A2BFDE300D56B1A /* UpdateProfileVC.m in Sources */ = {isa = PBXBuildFile; fileRef = 94D4B2041A2BFDE300D56B1A /* UpdateProfileVC.m */; };
/* End PBXBuildFile section */

/* Begin PBXContainerItemProxy section */
		949C87A2191D4E5C0049DC9D /* PBXContainerItemProxy */ = {
			isa = PBXContainerItemProxy;
			containerPortal = 949C8771191D4E560049DC9D /* Project object */;
			proxyType = 1;
			remoteGlobalIDString = 949C8778191D4E560049DC9D;
			remoteInfo = WebSiteTest;
		};
/* End PBXContainerItemProxy section */

/* Begin PBXFileReference section */
		9486165F1970CE40009BB828 /* LoginViewController.h */ = {isa = PBXFileReference; fileEncoding = 4; lastKnownFileType = sourcecode.c.h; path = LoginViewController.h; sourceTree = "<group>"; };
		948616601970CE40009BB828 /* LoginViewController.m */ = {isa = PBXFileReference; fileEncoding = 4; lastKnownFileType = sourcecode.c.objc; path = LoginViewController.m; sourceTree = "<group>"; };
		9488711A1A1FFB64004CE2AF /* MapKit.framework */ = {isa = PBXFileReference; lastKnownFileType = wrapper.framework; name = MapKit.framework; path = System/Library/Frameworks/MapKit.framework; sourceTree = SDKROOT; };
		9488711C1A202262004CE2AF /* Chatroom.h */ = {isa = PBXFileReference; fileEncoding = 4; lastKnownFileType = sourcecode.c.h; path = Chatroom.h; sourceTree = "<group>"; };
		9488711D1A202263004CE2AF /* Chatroom.m */ = {isa = PBXFileReference; fileEncoding = 4; lastKnownFileType = sourcecode.c.objc; path = Chatroom.m; sourceTree = "<group>"; };
		9488711F1A2022DA004CE2AF /* Chatroom+Annotation.h */ = {isa = PBXFileReference; fileEncoding = 4; lastKnownFileType = sourcecode.c.h; path = "Chatroom+Annotation.h"; sourceTree = "<group>"; };
		948871201A2022DA004CE2AF /* Chatroom+Annotation.m */ = {isa = PBXFileReference; fileEncoding = 4; lastKnownFileType = sourcecode.c.objc; path = "Chatroom+Annotation.m"; sourceTree = "<group>"; };
		949C8779191D4E560049DC9D /* WebSiteTest.app */ = {isa = PBXFileReference; explicitFileType = wrapper.application; includeInIndex = 0; path = WebSiteTest.app; sourceTree = BUILT_PRODUCTS_DIR; };
		949C877C191D4E560049DC9D /* Foundation.framework */ = {isa = PBXFileReference; lastKnownFileType = wrapper.framework; name = Foundation.framework; path = System/Library/Frameworks/Foundation.framework; sourceTree = SDKROOT; };
		949C877E191D4E560049DC9D /* CoreGraphics.framework */ = {isa = PBXFileReference; lastKnownFileType = wrapper.framework; name = CoreGraphics.framework; path = System/Library/Frameworks/CoreGraphics.framework; sourceTree = SDKROOT; };
		949C8780191D4E560049DC9D /* UIKit.framework */ = {isa = PBXFileReference; lastKnownFileType = wrapper.framework; name = UIKit.framework; path = System/Library/Frameworks/UIKit.framework; sourceTree = SDKROOT; };
		949C8784191D4E560049DC9D /* WebSiteTest-Info.plist */ = {isa = PBXFileReference; lastKnownFileType = text.plist.xml; path = "WebSiteTest-Info.plist"; sourceTree = "<group>"; };
		949C8786191D4E570049DC9D /* en */ = {isa = PBXFileReference; lastKnownFileType = text.plist.strings; name = en; path = en.lproj/InfoPlist.strings; sourceTree = "<group>"; };
		949C8788191D4E570049DC9D /* main.m */ = {isa = PBXFileReference; lastKnownFileType = sourcecode.c.objc; path = main.m; sourceTree = "<group>"; };
		949C878A191D4E570049DC9D /* WebSiteTest-Prefix.pch */ = {isa = PBXFileReference; lastKnownFileType = sourcecode.c.h; path = "WebSiteTest-Prefix.pch"; sourceTree = "<group>"; };
		949C878B191D4E570049DC9D /* AppDelegate.h */ = {isa = PBXFileReference; lastKnownFileType = sourcecode.c.h; path = AppDelegate.h; sourceTree = "<group>"; };
		949C878C191D4E570049DC9D /* AppDelegate.m */ = {isa = PBXFileReference; lastKnownFileType = sourcecode.c.objc; path = AppDelegate.m; sourceTree = "<group>"; };
		949C878F191D4E580049DC9D /* Base */ = {isa = PBXFileReference; lastKnownFileType = file.storyboard; name = Base; path = Base.lproj/Main_iPhone.storyboard; sourceTree = "<group>"; };
		949C8792191D4E580049DC9D /* Base */ = {isa = PBXFileReference; lastKnownFileType = file.storyboard; name = Base; path = Base.lproj/Main_iPad.storyboard; sourceTree = "<group>"; };
		949C8797191D4E590049DC9D /* Images.xcassets */ = {isa = PBXFileReference; lastKnownFileType = folder.assetcatalog; path = Images.xcassets; sourceTree = "<group>"; };
		949C879D191D4E5C0049DC9D /* WebSiteTestTests.xctest */ = {isa = PBXFileReference; explicitFileType = wrapper.cfbundle; includeInIndex = 0; path = WebSiteTestTests.xctest; sourceTree = BUILT_PRODUCTS_DIR; };
		949C879E191D4E5C0049DC9D /* XCTest.framework */ = {isa = PBXFileReference; lastKnownFileType = wrapper.framework; name = XCTest.framework; path = Library/Frameworks/XCTest.framework; sourceTree = DEVELOPER_DIR; };
		949C87A6191D4E5D0049DC9D /* WebSiteTestTests-Info.plist */ = {isa = PBXFileReference; lastKnownFileType = text.plist.xml; path = "WebSiteTestTests-Info.plist"; sourceTree = "<group>"; };
		949C87A8191D4E5D0049DC9D /* en */ = {isa = PBXFileReference; lastKnownFileType = text.plist.strings; name = en; path = en.lproj/InfoPlist.strings; sourceTree = "<group>"; };
		949C87AA191D4E5D0049DC9D /* WebSiteTestTests.m */ = {isa = PBXFileReference; lastKnownFileType = sourcecode.c.objc; path = WebSiteTestTests.m; sourceTree = "<group>"; };
		94BD3D801A12B781003F0FD4 /* SignUpViewController.h */ = {isa = PBXFileReference; fileEncoding = 4; lastKnownFileType = sourcecode.c.h; path = SignUpViewController.h; sourceTree = "<group>"; };
		94BD3D811A12B781003F0FD4 /* SignUpViewController.m */ = {isa = PBXFileReference; fileEncoding = 4; lastKnownFileType = sourcecode.c.objc; path = SignUpViewController.m; sourceTree = "<group>"; };
		94BD3D8A1A13D61F003F0FD4 /* ChatModel.xcdatamodel */ = {isa = PBXFileReference; lastKnownFileType = wrapper.xcdatamodel; path = ChatModel.xcdatamodel; sourceTree = "<group>"; };
		94BD3D8F1A1A54CB003F0FD4 /* ProfileTBC.h */ = {isa = PBXFileReference; fileEncoding = 4; lastKnownFileType = sourcecode.c.h; path = ProfileTBC.h; sourceTree = "<group>"; };
		94BD3D901A1A54CC003F0FD4 /* ProfileTBC.m */ = {isa = PBXFileReference; fileEncoding = 4; lastKnownFileType = sourcecode.c.objc; path = ProfileTBC.m; sourceTree = "<group>"; };
		94BD3D921A1AB715003F0FD4 /* Users.h */ = {isa = PBXFileReference; fileEncoding = 4; lastKnownFileType = sourcecode.c.h; path = Users.h; sourceTree = "<group>"; };
		94BD3D931A1AB715003F0FD4 /* Users.m */ = {isa = PBXFileReference; fileEncoding = 4; lastKnownFileType = sourcecode.c.objc; path = Users.m; sourceTree = "<group>"; };
		94BD3D951A1AB716003F0FD4 /* Chatroomusers.h */ = {isa = PBXFileReference; fileEncoding = 4; lastKnownFileType = sourcecode.c.h; path = Chatroomusers.h; sourceTree = "<group>"; };
		94BD3D961A1AB717003F0FD4 /* Chatroomusers.m */ = {isa = PBXFileReference; fileEncoding = 4; lastKnownFileType = sourcecode.c.objc; path = Chatroomusers.m; sourceTree = "<group>"; };
		94BD3DAA1A1C3627003F0FD4 /* Messages.h */ = {isa = PBXFileReference; fileEncoding = 4; lastKnownFileType = sourcecode.c.h; path = Messages.h; sourceTree = "<group>"; };
		94BD3DAB1A1C3627003F0FD4 /* Messages.m */ = {isa = PBXFileReference; fileEncoding = 4; lastKnownFileType = sourcecode.c.objc; path = Messages.m; sourceTree = "<group>"; };
		94D4B1E51A2280FF00D56B1A /* ChatroomsTVC.h */ = {isa = PBXFileReference; fileEncoding = 4; lastKnownFileType = sourcecode.c.h; path = ChatroomsTVC.h; sourceTree = "<group>"; };
		94D4B1E61A2280FF00D56B1A /* ChatroomsTVC.m */ = {isa = PBXFileReference; fileEncoding = 4; lastKnownFileType = sourcecode.c.objc; path = ChatroomsTVC.m; sourceTree = "<group>"; };
		94D4B1EB1A22AB7400D56B1A /* ChatroomsMapVC.h */ = {isa = PBXFileReference; fileEncoding = 4; lastKnownFileType = sourcecode.c.h; path = ChatroomsMapVC.h; sourceTree = "<group>"; };
		94D4B1EC1A22AB7400D56B1A /* ChatroomsMapVC.m */ = {isa = PBXFileReference; fileEncoding = 4; lastKnownFileType = sourcecode.c.objc; path = ChatroomsMapVC.m; sourceTree = "<group>"; };
		94D4B1EE1A22AE2F00D56B1A /* MessagesTVC.h */ = {isa = PBXFileReference; fileEncoding = 4; lastKnownFileType = sourcecode.c.h; path = MessagesTVC.h; sourceTree = "<group>"; };
		94D4B1EF1A22AE2F00D56B1A /* MessagesTVC.m */ = {isa = PBXFileReference; fileEncoding = 4; lastKnownFileType = sourcecode.c.objc; path = MessagesTVC.m; sourceTree = "<group>"; };
		94D4B1F11A22E2D300D56B1A /* MapAnnotation.h */ = {isa = PBXFileReference; fileEncoding = 4; lastKnownFileType = sourcecode.c.h; path = MapAnnotation.h; sourceTree = "<group>"; };
		94D4B1F21A22E2D400D56B1A /* MapAnnotation.m */ = {isa = PBXFileReference; fileEncoding = 4; lastKnownFileType = sourcecode.c.objc; path = MapAnnotation.m; sourceTree = "<group>"; };
		94D4B1FD1A2A2E1300D56B1A /* CreateChatroom.h */ = {isa = PBXFileReference; fileEncoding = 4; lastKnownFileType = sourcecode.c.h; path = CreateChatroom.h; sourceTree = "<group>"; };
		94D4B1FE1A2A2E1300D56B1A /* CreateChatroom.m */ = {isa = PBXFileReference; fileEncoding = 4; lastKnownFileType = sourcecode.c.objc; path = CreateChatroom.m; sourceTree = "<group>"; };
		94D4B2001A2BED3500D56B1A /* SettingsVC.h */ = {isa = PBXFileReference; fileEncoding = 4; lastKnownFileType = sourcecode.c.h; path = SettingsVC.h; sourceTree = "<group>"; };
		94D4B2011A2BED3600D56B1A /* SettingsVC.m */ = {isa = PBXFileReference; fileEncoding = 4; lastKnownFileType = sourcecode.c.objc; path = SettingsVC.m; sourceTree = "<group>"; };
		94D4B2031A2BFDE300D56B1A /* UpdateProfileVC.h */ = {isa = PBXFileReference; fileEncoding = 4; lastKnownFileType = sourcecode.c.h; path = UpdateProfileVC.h; sourceTree = "<group>"; };
		94D4B2041A2BFDE300D56B1A /* UpdateProfileVC.m */ = {isa = PBXFileReference; fileEncoding = 4; lastKnownFileType = sourcecode.c.objc; path = UpdateProfileVC.m; sourceTree = "<group>"; };
/* End PBXFileReference section */

/* Begin PBXFrameworksBuildPhase section */
		949C8776191D4E560049DC9D /* Frameworks */ = {
			isa = PBXFrameworksBuildPhase;
			buildActionMask = 2147483647;
			files = (
				9488711B1A1FFB64004CE2AF /* MapKit.framework in Frameworks */,
				949C877F191D4E560049DC9D /* CoreGraphics.framework in Frameworks */,
				949C8781191D4E560049DC9D /* UIKit.framework in Frameworks */,
				949C877D191D4E560049DC9D /* Foundation.framework in Frameworks */,
			);
			runOnlyForDeploymentPostprocessing = 0;
		};
		949C879A191D4E5C0049DC9D /* Frameworks */ = {
			isa = PBXFrameworksBuildPhase;
			buildActionMask = 2147483647;
			files = (
				949C879F191D4E5C0049DC9D /* XCTest.framework in Frameworks */,
				949C87A1191D4E5C0049DC9D /* UIKit.framework in Frameworks */,
				949C87A0191D4E5C0049DC9D /* Foundation.framework in Frameworks */,
			);
			runOnlyForDeploymentPostprocessing = 0;
		};
/* End PBXFrameworksBuildPhase section */

/* Begin PBXGroup section */
		949C8770191D4E560049DC9D = {
			isa = PBXGroup;
			children = (
				949C8782191D4E560049DC9D /* WebSiteTest */,
				949C87A4191D4E5C0049DC9D /* WebSiteTestTests */,
				949C877B191D4E560049DC9D /* Frameworks */,
				949C877A191D4E560049DC9D /* Products */,
			);
			sourceTree = "<group>";
		};
		949C877A191D4E560049DC9D /* Products */ = {
			isa = PBXGroup;
			children = (
				949C8779191D4E560049DC9D /* WebSiteTest.app */,
				949C879D191D4E5C0049DC9D /* WebSiteTestTests.xctest */,
			);
			name = Products;
			sourceTree = "<group>";
		};
		949C877B191D4E560049DC9D /* Frameworks */ = {
			isa = PBXGroup;
			children = (
				9488711A1A1FFB64004CE2AF /* MapKit.framework */,
				949C877C191D4E560049DC9D /* Foundation.framework */,
				949C877E191D4E560049DC9D /* CoreGraphics.framework */,
				949C8780191D4E560049DC9D /* UIKit.framework */,
				949C879E191D4E5C0049DC9D /* XCTest.framework */,
			);
			name = Frameworks;
			sourceTree = "<group>";
		};
		949C8782191D4E560049DC9D /* WebSiteTest */ = {
			isa = PBXGroup;
			children = (
				94BD3D891A13D61F003F0FD4 /* ChatModel.xcdatamodeld */,
				9488711C1A202262004CE2AF /* Chatroom.h */,
				9488711D1A202263004CE2AF /* Chatroom.m */,
				9488711F1A2022DA004CE2AF /* Chatroom+Annotation.h */,
				948871201A2022DA004CE2AF /* Chatroom+Annotation.m */,
				94BD3DAA1A1C3627003F0FD4 /* Messages.h */,
				94BD3DAB1A1C3627003F0FD4 /* Messages.m */,
				94BD3D951A1AB716003F0FD4 /* Chatroomusers.h */,
				94BD3D961A1AB717003F0FD4 /* Chatroomusers.m */,
				94BD3D921A1AB715003F0FD4 /* Users.h */,
				94BD3D931A1AB715003F0FD4 /* Users.m */,
				949C878B191D4E570049DC9D /* AppDelegate.h */,
				949C878C191D4E570049DC9D /* AppDelegate.m */,
				949C878E191D4E580049DC9D /* Main_iPhone.storyboard */,
				949C8791191D4E580049DC9D /* Main_iPad.storyboard */,
				94D4B2001A2BED3500D56B1A /* SettingsVC.h */,
				94D4B2011A2BED3600D56B1A /* SettingsVC.m */,
				94D4B2031A2BFDE300D56B1A /* UpdateProfileVC.h */,
				94D4B2041A2BFDE300D56B1A /* UpdateProfileVC.m */,
				94D4B1F11A22E2D300D56B1A /* MapAnnotation.h */,
				94D4B1F21A22E2D400D56B1A /* MapAnnotation.m */,
				94BD3D8F1A1A54CB003F0FD4 /* ProfileTBC.h */,
				94BD3D901A1A54CC003F0FD4 /* ProfileTBC.m */,
				94D4B1EB1A22AB7400D56B1A /* ChatroomsMapVC.h */,
				94D4B1EC1A22AB7400D56B1A /* ChatroomsMapVC.m */,
				94D4B1EE1A22AE2F00D56B1A /* MessagesTVC.h */,
				94D4B1EF1A22AE2F00D56B1A /* MessagesTVC.m */,
				94D4B1E51A2280FF00D56B1A /* ChatroomsTVC.h */,
				94D4B1E61A2280FF00D56B1A /* ChatroomsTVC.m */,
				94D4B1FD1A2A2E1300D56B1A /* CreateChatroom.h */,
				94D4B1FE1A2A2E1300D56B1A /* CreateChatroom.m */,
				94BD3D801A12B781003F0FD4 /* SignUpViewController.h */,
				94BD3D811A12B781003F0FD4 /* SignUpViewController.m */,
				9486165F1970CE40009BB828 /* LoginViewController.h */,
				948616601970CE40009BB828 /* LoginViewController.m */,
				949C8797191D4E590049DC9D /* Images.xcassets */,
				949C8783191D4E560049DC9D /* Supporting Files */,
			);
			path = WebSiteTest;
			sourceTree = "<group>";
		};
		949C8783191D4E560049DC9D /* Supporting Files */ = {
			isa = PBXGroup;
			children = (
				949C8784191D4E560049DC9D /* WebSiteTest-Info.plist */,
				949C8785191D4E570049DC9D /* InfoPlist.strings */,
				949C8788191D4E570049DC9D /* main.m */,
				949C878A191D4E570049DC9D /* WebSiteTest-Prefix.pch */,
			);
			name = "Supporting Files";
			sourceTree = "<group>";
		};
		949C87A4191D4E5C0049DC9D /* WebSiteTestTests */ = {
			isa = PBXGroup;
			children = (
				949C87AA191D4E5D0049DC9D /* WebSiteTestTests.m */,
				949C87A5191D4E5D0049DC9D /* Supporting Files */,
			);
			path = WebSiteTestTests;
			sourceTree = "<group>";
		};
		949C87A5191D4E5D0049DC9D /* Supporting Files */ = {
			isa = PBXGroup;
			children = (
				949C87A6191D4E5D0049DC9D /* WebSiteTestTests-Info.plist */,
				949C87A7191D4E5D0049DC9D /* InfoPlist.strings */,
			);
			name = "Supporting Files";
			sourceTree = "<group>";
		};
/* End PBXGroup section */

/* Begin PBXNativeTarget section */
		949C8778191D4E560049DC9D /* WebSiteTest */ = {
			isa = PBXNativeTarget;
			buildConfigurationList = 949C87AE191D4E5D0049DC9D /* Build configuration list for PBXNativeTarget "WebSiteTest" */;
			buildPhases = (
				949C8775191D4E560049DC9D /* Sources */,
				949C8776191D4E560049DC9D /* Frameworks */,
				949C8777191D4E560049DC9D /* Resources */,
			);
			buildRules = (
			);
			dependencies = (
			);
			name = WebSiteTest;
			productName = WebSiteTest;
			productReference = 949C8779191D4E560049DC9D /* WebSiteTest.app */;
			productType = "com.apple.product-type.application";
		};
		949C879C191D4E5C0049DC9D /* WebSiteTestTests */ = {
			isa = PBXNativeTarget;
			buildConfigurationList = 949C87B1191D4E5D0049DC9D /* Build configuration list for PBXNativeTarget "WebSiteTestTests" */;
			buildPhases = (
				949C8799191D4E5C0049DC9D /* Sources */,
				949C879A191D4E5C0049DC9D /* Frameworks */,
				949C879B191D4E5C0049DC9D /* Resources */,
			);
			buildRules = (
			);
			dependencies = (
				949C87A3191D4E5C0049DC9D /* PBXTargetDependency */,
			);
			name = WebSiteTestTests;
			productName = WebSiteTestTests;
			productReference = 949C879D191D4E5C0049DC9D /* WebSiteTestTests.xctest */;
			productType = "com.apple.product-type.bundle.unit-test";
		};
/* End PBXNativeTarget section */

/* Begin PBXProject section */
		949C8771191D4E560049DC9D /* Project object */ = {
			isa = PBXProject;
			attributes = {
				LastUpgradeCheck = 0510;
				ORGANIZATIONNAME = "Ryan Farrell";
				TargetAttributes = {
					949C879C191D4E5C0049DC9D = {
						TestTargetID = 949C8778191D4E560049DC9D;
					};
				};
			};
			buildConfigurationList = 949C8774191D4E560049DC9D /* Build configuration list for PBXProject "WebSiteTest" */;
			compatibilityVersion = "Xcode 3.2";
			developmentRegion = English;
			hasScannedForEncodings = 0;
			knownRegions = (
				en,
				Base,
			);
			mainGroup = 949C8770191D4E560049DC9D;
			productRefGroup = 949C877A191D4E560049DC9D /* Products */;
			projectDirPath = "";
			projectRoot = "";
			targets = (
				949C8778191D4E560049DC9D /* WebSiteTest */,
				949C879C191D4E5C0049DC9D /* WebSiteTestTests */,
			);
		};
/* End PBXProject section */

/* Begin PBXResourcesBuildPhase section */
		949C8777191D4E560049DC9D /* Resources */ = {
			isa = PBXResourcesBuildPhase;
			buildActionMask = 2147483647;
			files = (
				949C8793191D4E580049DC9D /* Main_iPad.storyboard in Resources */,
				949C8798191D4E590049DC9D /* Images.xcassets in Resources */,
				949C8790191D4E580049DC9D /* Main_iPhone.storyboard in Resources */,
				949C8787191D4E570049DC9D /* InfoPlist.strings in Resources */,
			);
			runOnlyForDeploymentPostprocessing = 0;
		};
		949C879B191D4E5C0049DC9D /* Resources */ = {
			isa = PBXResourcesBuildPhase;
			buildActionMask = 2147483647;
			files = (
				949C87A9191D4E5D0049DC9D /* InfoPlist.strings in Resources */,
			);
			runOnlyForDeploymentPostprocessing = 0;
		};
/* End PBXResourcesBuildPhase section */

/* Begin PBXSourcesBuildPhase section */
		949C8775191D4E560049DC9D /* Sources */ = {
			isa = PBXSourcesBuildPhase;
			buildActionMask = 2147483647;
			files = (
				948616611970CE40009BB828 /* LoginViewController.m in Sources */,
				94D4B2051A2BFDE300D56B1A /* UpdateProfileVC.m in Sources */,
				94D4B1F01A22AE2F00D56B1A /* MessagesTVC.m in Sources */,
				949C878D191D4E570049DC9D /* AppDelegate.m in Sources */,
				94D4B1ED1A22AB7400D56B1A /* ChatroomsMapVC.m in Sources */,
				94BD3DAC1A1C3627003F0FD4 /* Messages.m in Sources */,
				94D4B2021A2BED3600D56B1A /* SettingsVC.m in Sources */,
				9488711E1A202263004CE2AF /* Chatroom.m in Sources */,
				94D4B1E71A2280FF00D56B1A /* ChatroomsTVC.m in Sources */,
				94BD3D821A12B781003F0FD4 /* SignUpViewController.m in Sources */,
				948871211A2022DA004CE2AF /* Chatroom+Annotation.m in Sources */,
				949C8789191D4E570049DC9D /* main.m in Sources */,
				94BD3D941A1AB715003F0FD4 /* Users.m in Sources */,
				94BD3D911A1A54CC003F0FD4 /* ProfileTBC.m in Sources */,
				94D4B1FF1A2A2E1300D56B1A /* CreateChatroom.m in Sources */,
				94BD3D8B1A13D61F003F0FD4 /* ChatModel.xcdatamodeld in Sources */,
				94BD3D971A1AB717003F0FD4 /* Chatroomusers.m in Sources */,
				94D4B1F31A22E2D400D56B1A /* MapAnnotation.m in Sources */,
			);
			runOnlyForDeploymentPostprocessing = 0;
		};
		949C8799191D4E5C0049DC9D /* Sources */ = {
			isa = PBXSourcesBuildPhase;
			buildActionMask = 2147483647;
			files = (
				949C87AB191D4E5D0049DC9D /* WebSiteTestTests.m in Sources */,
			);
			runOnlyForDeploymentPostprocessing = 0;
		};
/* End PBXSourcesBuildPhase section */

/* Begin PBXTargetDependency section */
		949C87A3191D4E5C0049DC9D /* PBXTargetDependency */ = {
			isa = PBXTargetDependency;
			target = 949C8778191D4E560049DC9D /* WebSiteTest */;
			targetProxy = 949C87A2191D4E5C0049DC9D /* PBXContainerItemProxy */;
		};
/* End PBXTargetDependency section */

/* Begin PBXVariantGroup section */
		949C8785191D4E570049DC9D /* InfoPlist.strings */ = {
			isa = PBXVariantGroup;
			children = (
				949C8786191D4E570049DC9D /* en */,
			);
			name = InfoPlist.strings;
			sourceTree = "<group>";
		};
		949C878E191D4E580049DC9D /* Main_iPhone.storyboard */ = {
			isa = PBXVariantGroup;
			children = (
				949C878F191D4E580049DC9D /* Base */,
			);
			name = Main_iPhone.storyboard;
			sourceTree = "<group>";
		};
		949C8791191D4E580049DC9D /* Main_iPad.storyboard */ = {
			isa = PBXVariantGroup;
			children = (
				949C8792191D4E580049DC9D /* Base */,
			);
			name = Main_iPad.storyboard;
			sourceTree = "<group>";
		};
		949C87A7191D4E5D0049DC9D /* InfoPlist.strings */ = {
			isa = PBXVariantGroup;
			children = (
				949C87A8191D4E5D0049DC9D /* en */,
			);
			name = InfoPlist.strings;
			sourceTree = "<group>";
		};
/* End PBXVariantGroup section */

/* Begin XCBuildConfiguration section */
		949C87AC191D4E5D0049DC9D /* Debug */ = {
			isa = XCBuildConfiguration;
			buildSettings = {
				ALWAYS_SEARCH_USER_PATHS = NO;
				CLANG_CXX_LANGUAGE_STANDARD = "gnu++0x";
				CLANG_CXX_LIBRARY = "libc++";
				CLANG_ENABLE_MODULES = YES;
				CLANG_ENABLE_OBJC_ARC = YES;
				CLANG_WARN_BOOL_CONVERSION = YES;
				CLANG_WARN_CONSTANT_CONVERSION = YES;
				CLANG_WARN_DIRECT_OBJC_ISA_USAGE = YES_ERROR;
				CLANG_WARN_EMPTY_BODY = YES;
				CLANG_WARN_ENUM_CONVERSION = YES;
				CLANG_WARN_INT_CONVERSION = YES;
				CLANG_WARN_OBJC_ROOT_CLASS = YES_ERROR;
				CLANG_WARN__DUPLICATE_METHOD_MATCH = YES;
				"CODE_SIGN_IDENTITY[sdk=iphoneos*]" = "iPhone Developer";
				COPY_PHASE_STRIP = NO;
				GCC_C_LANGUAGE_STANDARD = gnu99;
				GCC_DYNAMIC_NO_PIC = NO;
				GCC_OPTIMIZATION_LEVEL = 0;
				GCC_PREPROCESSOR_DEFINITIONS = (
					"DEBUG=1",
					"$(inherited)",
				);
				GCC_SYMBOLS_PRIVATE_EXTERN = NO;
				GCC_WARN_64_TO_32_BIT_CONVERSION = YES;
				GCC_WARN_ABOUT_RETURN_TYPE = YES_ERROR;
				GCC_WARN_UNDECLARED_SELECTOR = YES;
				GCC_WARN_UNINITIALIZED_AUTOS = YES_AGGRESSIVE;
				GCC_WARN_UNUSED_FUNCTION = YES;
				GCC_WARN_UNUSED_VARIABLE = YES;
				IPHONEOS_DEPLOYMENT_TARGET = 7.1;
				ONLY_ACTIVE_ARCH = YES;
				SDKROOT = iphoneos;
				TARGETED_DEVICE_FAMILY = "1,2";
			};
			name = Debug;
		};
		949C87AD191D4E5D0049DC9D /* Release */ = {
			isa = XCBuildConfiguration;
			buildSettings = {
				ALWAYS_SEARCH_USER_PATHS = NO;
				CLANG_CXX_LANGUAGE_STANDARD = "gnu++0x";
				CLANG_CXX_LIBRARY = "libc++";
				CLANG_ENABLE_MODULES = YES;
				CLANG_ENABLE_OBJC_ARC = YES;
				CLANG_WARN_BOOL_CONVERSION = YES;
				CLANG_WARN_CONSTANT_CONVERSION = YES;
				CLANG_WARN_DIRECT_OBJC_ISA_USAGE = YES_ERROR;
				CLANG_WARN_EMPTY_BODY = YES;
				CLANG_WARN_ENUM_CONVERSION = YES;
				CLANG_WARN_INT_CONVERSION = YES;
				CLANG_WARN_OBJC_ROOT_CLASS = YES_ERROR;
				CLANG_WARN__DUPLICATE_METHOD_MATCH = YES;
				"CODE_SIGN_IDENTITY[sdk=iphoneos*]" = "iPhone Developer";
				COPY_PHASE_STRIP = YES;
				ENABLE_NS_ASSERTIONS = NO;
				GCC_C_LANGUAGE_STANDARD = gnu99;
				GCC_WARN_64_TO_32_BIT_CONVERSION = YES;
				GCC_WARN_ABOUT_RETURN_TYPE = YES_ERROR;
				GCC_WARN_UNDECLARED_SELECTOR = YES;
				GCC_WARN_UNINITIALIZED_AUTOS = YES_AGGRESSIVE;
				GCC_WARN_UNUSED_FUNCTION = YES;
				GCC_WARN_UNUSED_VARIABLE = YES;
				IPHONEOS_DEPLOYMENT_TARGET = 7.1;
				SDKROOT = iphoneos;
				TARGETED_DEVICE_FAMILY = "1,2";
				VALIDATE_PRODUCT = YES;
			};
			name = Release;
		};
		949C87AF191D4E5D0049DC9D /* Debug */ = {
			isa = XCBuildConfiguration;
			buildSettings = {
				ASSETCATALOG_COMPILER_APPICON_NAME = AppIcon;
				ASSETCATALOG_COMPILER_LAUNCHIMAGE_NAME = LaunchImage;
				CODE_SIGN_IDENTITY = "iPhone Developer: Ryan Farrell (R4X2232K86)";
				"CODE_SIGN_IDENTITY[sdk=iphoneos*]" = "iPhone Developer: Ryan Farrell (R4X2232K86)";
				GCC_PRECOMPILE_PREFIX_HEADER = YES;
				GCC_PREFIX_HEADER = "WebSiteTest/WebSiteTest-Prefix.pch";
				INFOPLIST_FILE = "WebSiteTest/WebSiteTest-Info.plist";
				PRODUCT_NAME = "$(TARGET_NAME)";
				PROVISIONING_PROFILE = "a23b9024-ffab-44ab-a058-67cc5aec67ac";
				WRAPPER_EXTENSION = app;
			};
			name = Debug;
		};
		949C87B0191D4E5D0049DC9D /* Release */ = {
			isa = XCBuildConfiguration;
			buildSettings = {
				ASSETCATALOG_COMPILER_APPICON_NAME = AppIcon;
				ASSETCATALOG_COMPILER_LAUNCHIMAGE_NAME = LaunchImage;
				CODE_SIGN_IDENTITY = "iPhone Developer: Ryan Farrell (R4X2232K86)";
				"CODE_SIGN_IDENTITY[sdk=iphoneos*]" = "iPhone Developer: Ryan Farrell (R4X2232K86)";
				GCC_PRECOMPILE_PREFIX_HEADER = YES;
				GCC_PREFIX_HEADER = "WebSiteTest/WebSiteTest-Prefix.pch";
				INFOPLIST_FILE = "WebSiteTest/WebSiteTest-Info.plist";
				PRODUCT_NAME = "$(TARGET_NAME)";
				PROVISIONING_PROFILE = "a23b9024-ffab-44ab-a058-67cc5aec67ac";
				WRAPPER_EXTENSION = app;
			};
			name = Release;
		};
		949C87B2191D4E5D0049DC9D /* Debug */ = {
			isa = XCBuildConfiguration;
			buildSettings = {
				BUNDLE_LOADER = "$(BUILT_PRODUCTS_DIR)/WebSiteTest.app/WebSiteTest";
				FRAMEWORK_SEARCH_PATHS = (
					"$(SDKROOT)/Developer/Library/Frameworks",
					"$(inherited)",
					"$(DEVELOPER_FRAMEWORKS_DIR)",
				);
				GCC_PRECOMPILE_PREFIX_HEADER = YES;
				GCC_PREFIX_HEADER = "WebSiteTest/WebSiteTest-Prefix.pch";
				GCC_PREPROCESSOR_DEFINITIONS = (
					"DEBUG=1",
					"$(inherited)",
				);
				INFOPLIST_FILE = "WebSiteTestTests/WebSiteTestTests-Info.plist";
				PRODUCT_NAME = "$(TARGET_NAME)";
				TEST_HOST = "$(BUNDLE_LOADER)";
				WRAPPER_EXTENSION = xctest;
			};
			name = Debug;
		};
		949C87B3191D4E5D0049DC9D /* Release */ = {
			isa = XCBuildConfiguration;
			buildSettings = {
				BUNDLE_LOADER = "$(BUILT_PRODUCTS_DIR)/WebSiteTest.app/WebSiteTest";
				FRAMEWORK_SEARCH_PATHS = (
					"$(SDKROOT)/Developer/Library/Frameworks",
					"$(inherited)",
					"$(DEVELOPER_FRAMEWORKS_DIR)",
				);
				GCC_PRECOMPILE_PREFIX_HEADER = YES;
				GCC_PREFIX_HEADER = "WebSiteTest/WebSiteTest-Prefix.pch";
				INFOPLIST_FILE = "WebSiteTestTests/WebSiteTestTests-Info.plist";
				PRODUCT_NAME = "$(TARGET_NAME)";
				TEST_HOST = "$(BUNDLE_LOADER)";
				WRAPPER_EXTENSION = xctest;
			};
			name = Release;
		};
/* End XCBuildConfiguration section */

/* Begin XCConfigurationList section */
		949C8774191D4E560049DC9D /* Build configuration list for PBXProject "WebSiteTest" */ = {
			isa = XCConfigurationList;
			buildConfigurations = (
				949C87AC191D4E5D0049DC9D /* Debug */,
				949C87AD191D4E5D0049DC9D /* Release */,
			);
			defaultConfigurationIsVisible = 0;
			defaultConfigurationName = Release;
		};
		949C87AE191D4E5D0049DC9D /* Build configuration list for PBXNativeTarget "WebSiteTest" */ = {
			isa = XCConfigurationList;
			buildConfigurations = (
				949C87AF191D4E5D0049DC9D /* Debug */,
				949C87B0191D4E5D0049DC9D /* Release */,
			);
			defaultConfigurationIsVisible = 0;
			defaultConfigurationName = Release;
		};
		949C87B1191D4E5D0049DC9D /* Build configuration list for PBXNativeTarget "WebSiteTestTests" */ = {
			isa = XCConfigurationList;
			buildConfigurations = (
				949C87B2191D4E5D0049DC9D /* Debug */,
				949C87B3191D4E5D0049DC9D /* Release */,
			);
			defaultConfigurationIsVisible = 0;
			defaultConfigurationName = Release;
		};
/* End XCConfigurationList section */

/* Begin XCVersionGroup section */
		94BD3D891A13D61F003F0FD4 /* ChatModel.xcdatamodeld */ = {
			isa = XCVersionGroup;
			children = (
				94BD3D8A1A13D61F003F0FD4 /* ChatModel.xcdatamodel */,
			);
			currentVersion = 94BD3D8A1A13D61F003F0FD4 /* ChatModel.xcdatamodel */;
			path = ChatModel.xcdatamodeld;
			sourceTree = "<group>";
			versionGroupType = wrapper.xcdatamodel;
		};
/* End XCVersionGroup section */
	};
	rootObject = 949C8771191D4E560049DC9D /* Project object */;
}
